// !$*UTF8*$!
{
	archiveVersion = 1;
	classes = {
	};
	objectVersion = 51;
	objects = {

/* Begin PBXBuildFile section */
		830B5FC024EF50970063CC94 /* AppDelegate.swift in Sources */ = {isa = PBXBuildFile; fileRef = 830B5FBF24EF50970063CC94 /* AppDelegate.swift */; };
		830B5FC424EF50970063CC94 /* ViewController.swift in Sources */ = {isa = PBXBuildFile; fileRef = 830B5FC324EF50970063CC94 /* ViewController.swift */; };
		830B5FC724EF50970063CC94 /* Main.storyboard in Resources */ = {isa = PBXBuildFile; fileRef = 830B5FC524EF50970063CC94 /* Main.storyboard */; };
		830B5FCA24EF50970063CC94 /* Butterfly_CoreData.xcdatamodeld in Sources */ = {isa = PBXBuildFile; fileRef = 830B5FC824EF50970063CC94 /* Butterfly_CoreData.xcdatamodeld */; };
		830B5FCC24EF50980063CC94 /* Assets.xcassets in Resources */ = {isa = PBXBuildFile; fileRef = 830B5FCB24EF50980063CC94 /* Assets.xcassets */; };
		830B5FCF24EF50980063CC94 /* LaunchScreen.storyboard in Resources */ = {isa = PBXBuildFile; fileRef = 830B5FCD24EF50980063CC94 /* LaunchScreen.storyboard */; };
		830B5FDA24EF50990063CC94 /* Butterfly_CoreDataTests.swift in Sources */ = {isa = PBXBuildFile; fileRef = 830B5FD924EF50990063CC94 /* Butterfly_CoreDataTests.swift */; };
		835069A724EF59EC006C8F06 /* BFItemViewController.swift in Sources */ = {isa = PBXBuildFile; fileRef = 835069A524EF59EC006C8F06 /* BFItemViewController.swift */; };
		835069A824EF59EC006C8F06 /* BFItemViewController.xib in Resources */ = {isa = PBXBuildFile; fileRef = 835069A624EF59EC006C8F06 /* BFItemViewController.xib */; };
		BD89A334BC5DF55FC6020524 /* Pods_Butterfly_CoreDataTests.framework in Frameworks */ = {isa = PBXBuildFile; fileRef = 25642BCCA51EEF0DE3D9D9AF /* Pods_Butterfly_CoreDataTests.framework */; };
		CC944BC3D482D9EA803226B1 /* Pods_Butterfly_CoreData.framework in Frameworks */ = {isa = PBXBuildFile; fileRef = 15A9BBA6DA67DAC52A6B391D /* Pods_Butterfly_CoreData.framework */; };
/* End PBXBuildFile section */

/* Begin PBXContainerItemProxy section */
		830B5FD624EF50990063CC94 /* PBXContainerItemProxy */ = {
			isa = PBXContainerItemProxy;
			containerPortal = 830B5FB424EF50960063CC94 /* Project object */;
			proxyType = 1;
			remoteGlobalIDString = 830B5FBB24EF50960063CC94;
			remoteInfo = "Butterfly-CoreData";
		};
/* End PBXContainerItemProxy section */

/* Begin PBXFileReference section */
		15A9BBA6DA67DAC52A6B391D /* Pods_Butterfly_CoreData.framework */ = {isa = PBXFileReference; explicitFileType = wrapper.framework; includeInIndex = 0; path = Pods_Butterfly_CoreData.framework; sourceTree = BUILT_PRODUCTS_DIR; };
		1631C33262B531F30ACF2C74 /* Pods-Butterfly-CoreDataTests.release.xcconfig */ = {isa = PBXFileReference; includeInIndex = 1; lastKnownFileType = text.xcconfig; name = "Pods-Butterfly-CoreDataTests.release.xcconfig"; path = "Target Support Files/Pods-Butterfly-CoreDataTests/Pods-Butterfly-CoreDataTests.release.xcconfig"; sourceTree = "<group>"; };
		25642BCCA51EEF0DE3D9D9AF /* Pods_Butterfly_CoreDataTests.framework */ = {isa = PBXFileReference; explicitFileType = wrapper.framework; includeInIndex = 0; path = Pods_Butterfly_CoreDataTests.framework; sourceTree = BUILT_PRODUCTS_DIR; };
		61706C9C5DA2E16F525D5ECE /* Pods-Butterfly-CoreData.debug.xcconfig */ = {isa = PBXFileReference; includeInIndex = 1; lastKnownFileType = text.xcconfig; name = "Pods-Butterfly-CoreData.debug.xcconfig"; path = "Target Support Files/Pods-Butterfly-CoreData/Pods-Butterfly-CoreData.debug.xcconfig"; sourceTree = "<group>"; };
		830B5FBC24EF50970063CC94 /* Butterfly-CoreData.app */ = {isa = PBXFileReference; explicitFileType = wrapper.application; includeInIndex = 0; path = "Butterfly-CoreData.app"; sourceTree = BUILT_PRODUCTS_DIR; };
		830B5FBF24EF50970063CC94 /* AppDelegate.swift */ = {isa = PBXFileReference; lastKnownFileType = sourcecode.swift; path = AppDelegate.swift; sourceTree = "<group>"; };
		830B5FC324EF50970063CC94 /* ViewController.swift */ = {isa = PBXFileReference; lastKnownFileType = sourcecode.swift; path = ViewController.swift; sourceTree = "<group>"; };
		830B5FC624EF50970063CC94 /* Base */ = {isa = PBXFileReference; lastKnownFileType = file.storyboard; name = Base; path = Base.lproj/Main.storyboard; sourceTree = "<group>"; };
		830B5FC924EF50970063CC94 /* Butterfly_CoreData.xcdatamodel */ = {isa = PBXFileReference; lastKnownFileType = wrapper.xcdatamodel; path = Butterfly_CoreData.xcdatamodel; sourceTree = "<group>"; };
		830B5FCB24EF50980063CC94 /* Assets.xcassets */ = {isa = PBXFileReference; lastKnownFileType = folder.assetcatalog; path = Assets.xcassets; sourceTree = "<group>"; };
		830B5FCE24EF50980063CC94 /* Base */ = {isa = PBXFileReference; lastKnownFileType = file.storyboard; name = Base; path = Base.lproj/LaunchScreen.storyboard; sourceTree = "<group>"; };
		830B5FD024EF50980063CC94 /* Info.plist */ = {isa = PBXFileReference; lastKnownFileType = text.plist.xml; path = Info.plist; sourceTree = "<group>"; };
		830B5FD524EF50990063CC94 /* Butterfly-CoreDataTests.xctest */ = {isa = PBXFileReference; explicitFileType = wrapper.cfbundle; includeInIndex = 0; path = "Butterfly-CoreDataTests.xctest"; sourceTree = BUILT_PRODUCTS_DIR; };
		830B5FD924EF50990063CC94 /* Butterfly_CoreDataTests.swift */ = {isa = PBXFileReference; lastKnownFileType = sourcecode.swift; path = Butterfly_CoreDataTests.swift; sourceTree = "<group>"; };
		830B5FDB24EF50990063CC94 /* Info.plist */ = {isa = PBXFileReference; lastKnownFileType = text.plist.xml; path = Info.plist; sourceTree = "<group>"; };
		835069A524EF59EC006C8F06 /* BFItemViewController.swift */ = {isa = PBXFileReference; lastKnownFileType = sourcecode.swift; path = BFItemViewController.swift; sourceTree = "<group>"; };
		835069A624EF59EC006C8F06 /* BFItemViewController.xib */ = {isa = PBXFileReference; lastKnownFileType = file.xib; path = BFItemViewController.xib; sourceTree = "<group>"; };
		91AEF444543B81FCF4EC25C2 /* Pods-Butterfly-CoreData.release.xcconfig */ = {isa = PBXFileReference; includeInIndex = 1; lastKnownFileType = text.xcconfig; name = "Pods-Butterfly-CoreData.release.xcconfig"; path = "Target Support Files/Pods-Butterfly-CoreData/Pods-Butterfly-CoreData.release.xcconfig"; sourceTree = "<group>"; };
		C2B27EDD2E146303F60C794C /* Pods-Butterfly-CoreDataTests.debug.xcconfig */ = {isa = PBXFileReference; includeInIndex = 1; lastKnownFileType = text.xcconfig; name = "Pods-Butterfly-CoreDataTests.debug.xcconfig"; path = "Target Support Files/Pods-Butterfly-CoreDataTests/Pods-Butterfly-CoreDataTests.debug.xcconfig"; sourceTree = "<group>"; };
/* End PBXFileReference section */

/* Begin PBXFrameworksBuildPhase section */
		830B5FB924EF50960063CC94 /* Frameworks */ = {
			isa = PBXFrameworksBuildPhase;
			buildActionMask = 2147483647;
			files = (
				CC944BC3D482D9EA803226B1 /* Pods_Butterfly_CoreData.framework in Frameworks */,
			);
			runOnlyForDeploymentPostprocessing = 0;
		};
		830B5FD224EF50990063CC94 /* Frameworks */ = {
			isa = PBXFrameworksBuildPhase;
			buildActionMask = 2147483647;
			files = (
				BD89A334BC5DF55FC6020524 /* Pods_Butterfly_CoreDataTests.framework in Frameworks */,
			);
			runOnlyForDeploymentPostprocessing = 0;
		};
/* End PBXFrameworksBuildPhase section */

/* Begin PBXGroup section */
		01C5711D6B095291B4687D1F /* Pods */ = {
			isa = PBXGroup;
			children = (
				61706C9C5DA2E16F525D5ECE /* Pods-Butterfly-CoreData.debug.xcconfig */,
				91AEF444543B81FCF4EC25C2 /* Pods-Butterfly-CoreData.release.xcconfig */,
				C2B27EDD2E146303F60C794C /* Pods-Butterfly-CoreDataTests.debug.xcconfig */,
				1631C33262B531F30ACF2C74 /* Pods-Butterfly-CoreDataTests.release.xcconfig */,
			);
			path = Pods;
			sourceTree = "<group>";
		};
		830B5FB324EF50960063CC94 = {
			isa = PBXGroup;
			children = (
				830B5FBE24EF50970063CC94 /* Butterfly-CoreData */,
				830B5FD824EF50990063CC94 /* Butterfly-CoreDataTests */,
				830B5FBD24EF50970063CC94 /* Products */,
				01C5711D6B095291B4687D1F /* Pods */,
				FCF405663007A0AB6371D180 /* Frameworks */,
			);
			sourceTree = "<group>";
		};
		830B5FBD24EF50970063CC94 /* Products */ = {
			isa = PBXGroup;
			children = (
				830B5FBC24EF50970063CC94 /* Butterfly-CoreData.app */,
				830B5FD524EF50990063CC94 /* Butterfly-CoreDataTests.xctest */,
			);
			name = Products;
			sourceTree = "<group>";
		};
		830B5FBE24EF50970063CC94 /* Butterfly-CoreData */ = {
			isa = PBXGroup;
			children = (
				830B5FBF24EF50970063CC94 /* AppDelegate.swift */,
				830B5FC324EF50970063CC94 /* ViewController.swift */,
				830B5FC524EF50970063CC94 /* Main.storyboard */,
				830B5FCB24EF50980063CC94 /* Assets.xcassets */,
				830B5FCD24EF50980063CC94 /* LaunchScreen.storyboard */,
				830B5FD024EF50980063CC94 /* Info.plist */,
				830B5FC824EF50970063CC94 /* Butterfly_CoreData.xcdatamodeld */,
				835069A524EF59EC006C8F06 /* BFItemViewController.swift */,
				835069A624EF59EC006C8F06 /* BFItemViewController.xib */,
			);
			path = "Butterfly-CoreData";
			sourceTree = "<group>";
		};
		830B5FD824EF50990063CC94 /* Butterfly-CoreDataTests */ = {
			isa = PBXGroup;
			children = (
				830B5FD924EF50990063CC94 /* Butterfly_CoreDataTests.swift */,
				830B5FDB24EF50990063CC94 /* Info.plist */,
			);
			path = "Butterfly-CoreDataTests";
			sourceTree = "<group>";
		};
		FCF405663007A0AB6371D180 /* Frameworks */ = {
			isa = PBXGroup;
			children = (
				15A9BBA6DA67DAC52A6B391D /* Pods_Butterfly_CoreData.framework */,
				25642BCCA51EEF0DE3D9D9AF /* Pods_Butterfly_CoreDataTests.framework */,
			);
			name = Frameworks;
			sourceTree = "<group>";
		};
/* End PBXGroup section */

/* Begin PBXNativeTarget section */
		830B5FBB24EF50960063CC94 /* Butterfly-CoreData */ = {
			isa = PBXNativeTarget;
			buildConfigurationList = 830B5FDE24EF50990063CC94 /* Build configuration list for PBXNativeTarget "Butterfly-CoreData" */;
			buildPhases = (
				4E9DBCA2B9BB45934EA3436E /* [CP] Check Pods Manifest.lock */,
				830B5FB824EF50960063CC94 /* Sources */,
				830B5FB924EF50960063CC94 /* Frameworks */,
				830B5FBA24EF50960063CC94 /* Resources */,
				DBC88D2FEDA789393543B6EB /* [CP] Embed Pods Frameworks */,
			);
			buildRules = (
			);
			dependencies = (
			);
			name = "Butterfly-CoreData";
			productName = "Butterfly-CoreData";
			productReference = 830B5FBC24EF50970063CC94 /* Butterfly-CoreData.app */;
			productType = "com.apple.product-type.application";
		};
		830B5FD424EF50990063CC94 /* Butterfly-CoreDataTests */ = {
			isa = PBXNativeTarget;
			buildConfigurationList = 830B5FE124EF50990063CC94 /* Build configuration list for PBXNativeTarget "Butterfly-CoreDataTests" */;
			buildPhases = (
				4F93B648DFEE04538CB36B00 /* [CP] Check Pods Manifest.lock */,
				830B5FD124EF50990063CC94 /* Sources */,
				830B5FD224EF50990063CC94 /* Frameworks */,
				830B5FD324EF50990063CC94 /* Resources */,
			);
			buildRules = (
			);
			dependencies = (
				830B5FD724EF50990063CC94 /* PBXTargetDependency */,
			);
			name = "Butterfly-CoreDataTests";
			productName = "Butterfly-CoreDataTests";
			productReference = 830B5FD524EF50990063CC94 /* Butterfly-CoreDataTests.xctest */;
			productType = "com.apple.product-type.bundle.unit-test";
		};
/* End PBXNativeTarget section */

/* Begin PBXProject section */
		830B5FB424EF50960063CC94 /* Project object */ = {
			isa = PBXProject;
			attributes = {
				LastSwiftUpdateCheck = 1160;
				LastUpgradeCheck = 1160;
				ORGANIZATIONNAME = Butterfly;
				TargetAttributes = {
					830B5FBB24EF50960063CC94 = {
						CreatedOnToolsVersion = 11.6;
					};
					830B5FD424EF50990063CC94 = {
						CreatedOnToolsVersion = 11.6;
						TestTargetID = 830B5FBB24EF50960063CC94;
					};
				};
			};
			buildConfigurationList = 830B5FB724EF50960063CC94 /* Build configuration list for PBXProject "Butterfly-CoreData" */;
			compatibilityVersion = "Xcode 9.3";
			developmentRegion = en;
			hasScannedForEncodings = 0;
			knownRegions = (
				en,
				Base,
			);
			mainGroup = 830B5FB324EF50960063CC94;
			productRefGroup = 830B5FBD24EF50970063CC94 /* Products */;
			projectDirPath = "";
			projectRoot = "";
			targets = (
				830B5FBB24EF50960063CC94 /* Butterfly-CoreData */,
				830B5FD424EF50990063CC94 /* Butterfly-CoreDataTests */,
			);
		};
/* End PBXProject section */

/* Begin PBXResourcesBuildPhase section */
		830B5FBA24EF50960063CC94 /* Resources */ = {
			isa = PBXResourcesBuildPhase;
			buildActionMask = 2147483647;
			files = (
				830B5FCF24EF50980063CC94 /* LaunchScreen.storyboard in Resources */,
				830B5FCC24EF50980063CC94 /* Assets.xcassets in Resources */,
				830B5FC724EF50970063CC94 /* Main.storyboard in Resources */,
				835069A824EF59EC006C8F06 /* BFItemViewController.xib in Resources */,
			);
			runOnlyForDeploymentPostprocessing = 0;
		};
		830B5FD324EF50990063CC94 /* Resources */ = {
			isa = PBXResourcesBuildPhase;
			buildActionMask = 2147483647;
			files = (
			);
			runOnlyForDeploymentPostprocessing = 0;
		};
/* End PBXResourcesBuildPhase section */

/* Begin PBXShellScriptBuildPhase section */
		4E9DBCA2B9BB45934EA3436E /* [CP] Check Pods Manifest.lock */ = {
			isa = PBXShellScriptBuildPhase;
			buildActionMask = 2147483647;
			files = (
			);
			inputFileListPaths = (
			);
			inputPaths = (
				"${PODS_PODFILE_DIR_PATH}/Podfile.lock",
				"${PODS_ROOT}/Manifest.lock",
			);
			name = "[CP] Check Pods Manifest.lock";
			outputFileListPaths = (
			);
			outputPaths = (
				"$(DERIVED_FILE_DIR)/Pods-Butterfly-CoreData-checkManifestLockResult.txt",
			);
			runOnlyForDeploymentPostprocessing = 0;
			shellPath = /bin/sh;
			shellScript = "diff \"${PODS_PODFILE_DIR_PATH}/Podfile.lock\" \"${PODS_ROOT}/Manifest.lock\" > /dev/null\nif [ $? != 0 ] ; then\n    # print error to STDERR\n    echo \"error: The sandbox is not in sync with the Podfile.lock. Run 'pod install' or update your CocoaPods installation.\" >&2\n    exit 1\nfi\n# This output is used by Xcode 'outputs' to avoid re-running this script phase.\necho \"SUCCESS\" > \"${SCRIPT_OUTPUT_FILE_0}\"\n";
			showEnvVarsInLog = 0;
		};
		4F93B648DFEE04538CB36B00 /* [CP] Check Pods Manifest.lock */ = {
			isa = PBXShellScriptBuildPhase;
			buildActionMask = 2147483647;
			files = (
			);
			inputFileListPaths = (
			);
			inputPaths = (
				"${PODS_PODFILE_DIR_PATH}/Podfile.lock",
				"${PODS_ROOT}/Manifest.lock",
			);
			name = "[CP] Check Pods Manifest.lock";
			outputFileListPaths = (
			);
			outputPaths = (
				"$(DERIVED_FILE_DIR)/Pods-Butterfly-CoreDataTests-checkManifestLockResult.txt",
			);
			runOnlyForDeploymentPostprocessing = 0;
			shellPath = /bin/sh;
			shellScript = "diff \"${PODS_PODFILE_DIR_PATH}/Podfile.lock\" \"${PODS_ROOT}/Manifest.lock\" > /dev/null\nif [ $? != 0 ] ; then\n    # print error to STDERR\n    echo \"error: The sandbox is not in sync with the Podfile.lock. Run 'pod install' or update your CocoaPods installation.\" >&2\n    exit 1\nfi\n# This output is used by Xcode 'outputs' to avoid re-running this script phase.\necho \"SUCCESS\" > \"${SCRIPT_OUTPUT_FILE_0}\"\n";
			showEnvVarsInLog = 0;
		};
		DBC88D2FEDA789393543B6EB /* [CP] Embed Pods Frameworks */ = {
			isa = PBXShellScriptBuildPhase;
			buildActionMask = 2147483647;
			files = (
			);
			inputFileListPaths = (
				"${PODS_ROOT}/Target Support Files/Pods-Butterfly-CoreData/Pods-Butterfly-CoreData-frameworks-${CONFIGURATION}-input-files.xcfilelist",
			);
			name = "[CP] Embed Pods Frameworks";
			outputFileListPaths = (
				"${PODS_ROOT}/Target Support Files/Pods-Butterfly-CoreData/Pods-Butterfly-CoreData-frameworks-${CONFIGURATION}-output-files.xcfilelist",
			);
			runOnlyForDeploymentPostprocessing = 0;
			shellPath = /bin/sh;
			shellScript = "\"${PODS_ROOT}/Target Support Files/Pods-Butterfly-CoreData/Pods-Butterfly-CoreData-frameworks.sh\"\n";
			showEnvVarsInLog = 0;
		};
/* End PBXShellScriptBuildPhase section */

/* Begin PBXSourcesBuildPhase section */
		830B5FB824EF50960063CC94 /* Sources */ = {
			isa = PBXSourcesBuildPhase;
			buildActionMask = 2147483647;
			files = (
				830B5FC424EF50970063CC94 /* ViewController.swift in Sources */,
				830B5FC024EF50970063CC94 /* AppDelegate.swift in Sources */,
				830B5FCA24EF50970063CC94 /* Butterfly_CoreData.xcdatamodeld in Sources */,
				835069A724EF59EC006C8F06 /* BFItemViewController.swift in Sources */,
			);
			runOnlyForDeploymentPostprocessing = 0;
		};
		830B5FD124EF50990063CC94 /* Sources */ = {
			isa = PBXSourcesBuildPhase;
			buildActionMask = 2147483647;
			files = (
				830B5FDA24EF50990063CC94 /* Butterfly_CoreDataTests.swift in Sources */,
			);
			runOnlyForDeploymentPostprocessing = 0;
		};
/* End PBXSourcesBuildPhase section */

/* Begin PBXTargetDependency section */
		830B5FD724EF50990063CC94 /* PBXTargetDependency */ = {
			isa = PBXTargetDependency;
			target = 830B5FBB24EF50960063CC94 /* Butterfly-CoreData */;
			targetProxy = 830B5FD624EF50990063CC94 /* PBXContainerItemProxy */;
		};
/* End PBXTargetDependency section */

/* Begin PBXVariantGroup section */
		830B5FC524EF50970063CC94 /* Main.storyboard */ = {
			isa = PBXVariantGroup;
			children = (
				830B5FC624EF50970063CC94 /* Base */,
			);
			name = Main.storyboard;
			sourceTree = "<group>";
		};
		830B5FCD24EF50980063CC94 /* LaunchScreen.storyboard */ = {
			isa = PBXVariantGroup;
			children = (
				830B5FCE24EF50980063CC94 /* Base */,
			);
			name = LaunchScreen.storyboard;
			sourceTree = "<group>";
		};
/* End PBXVariantGroup section */

/* Begin XCBuildConfiguration section */
		830B5FDC24EF50990063CC94 /* Debug */ = {
			isa = XCBuildConfiguration;
			buildSettings = {
				ALWAYS_SEARCH_USER_PATHS = NO;
				CLANG_ANALYZER_NONNULL = YES;
				CLANG_ANALYZER_NUMBER_OBJECT_CONVERSION = YES_AGGRESSIVE;
				CLANG_CXX_LANGUAGE_STANDARD = "gnu++14";
				CLANG_CXX_LIBRARY = "libc++";
				CLANG_ENABLE_MODULES = YES;
				CLANG_ENABLE_OBJC_ARC = YES;
				CLANG_ENABLE_OBJC_WEAK = YES;
				CLANG_WARN_BLOCK_CAPTURE_AUTORELEASING = YES;
				CLANG_WARN_BOOL_CONVERSION = YES;
				CLANG_WARN_COMMA = YES;
				CLANG_WARN_CONSTANT_CONVERSION = YES;
				CLANG_WARN_DEPRECATED_OBJC_IMPLEMENTATIONS = YES;
				CLANG_WARN_DIRECT_OBJC_ISA_USAGE = YES_ERROR;
				CLANG_WARN_DOCUMENTATION_COMMENTS = YES;
				CLANG_WARN_EMPTY_BODY = YES;
				CLANG_WARN_ENUM_CONVERSION = YES;
				CLANG_WARN_INFINITE_RECURSION = YES;
				CLANG_WARN_INT_CONVERSION = YES;
				CLANG_WARN_NON_LITERAL_NULL_CONVERSION = YES;
				CLANG_WARN_OBJC_IMPLICIT_RETAIN_SELF = YES;
				CLANG_WARN_OBJC_LITERAL_CONVERSION = YES;
				CLANG_WARN_OBJC_ROOT_CLASS = YES_ERROR;
				CLANG_WARN_RANGE_LOOP_ANALYSIS = YES;
				CLANG_WARN_STRICT_PROTOTYPES = YES;
				CLANG_WARN_SUSPICIOUS_MOVE = YES;
				CLANG_WARN_UNGUARDED_AVAILABILITY = YES_AGGRESSIVE;
				CLANG_WARN_UNREACHABLE_CODE = YES;
				CLANG_WARN__DUPLICATE_METHOD_MATCH = YES;
				COPY_PHASE_STRIP = NO;
				DEBUG_INFORMATION_FORMAT = dwarf;
				ENABLE_STRICT_OBJC_MSGSEND = YES;
				ENABLE_TESTABILITY = YES;
				GCC_C_LANGUAGE_STANDARD = gnu11;
				GCC_DYNAMIC_NO_PIC = NO;
				GCC_NO_COMMON_BLOCKS = YES;
				GCC_OPTIMIZATION_LEVEL = 0;
				GCC_PREPROCESSOR_DEFINITIONS = (
					"DEBUG=1",
					"$(inherited)",
				);
				GCC_WARN_64_TO_32_BIT_CONVERSION = YES;
				GCC_WARN_ABOUT_RETURN_TYPE = YES_ERROR;
				GCC_WARN_UNDECLARED_SELECTOR = YES;
				GCC_WARN_UNINITIALIZED_AUTOS = YES_AGGRESSIVE;
				GCC_WARN_UNUSED_FUNCTION = YES;
				GCC_WARN_UNUSED_VARIABLE = YES;
				IPHONEOS_DEPLOYMENT_TARGET = 13.6;
				MTL_ENABLE_DEBUG_INFO = INCLUDE_SOURCE;
				MTL_FAST_MATH = YES;
				ONLY_ACTIVE_ARCH = YES;
				SDKROOT = iphoneos;
				SWIFT_ACTIVE_COMPILATION_CONDITIONS = DEBUG;
				SWIFT_OPTIMIZATION_LEVEL = "-Onone";
			};
			name = Debug;
		};
		830B5FDD24EF50990063CC94 /* Release */ = {
			isa = XCBuildConfiguration;
			buildSettings = {
				ALWAYS_SEARCH_USER_PATHS = NO;
				CLANG_ANALYZER_NONNULL = YES;
				CLANG_ANALYZER_NUMBER_OBJECT_CONVERSION = YES_AGGRESSIVE;
				CLANG_CXX_LANGUAGE_STANDARD = "gnu++14";
				CLANG_CXX_LIBRARY = "libc++";
				CLANG_ENABLE_MODULES = YES;
				CLANG_ENABLE_OBJC_ARC = YES;
				CLANG_ENABLE_OBJC_WEAK = YES;
				CLANG_WARN_BLOCK_CAPTURE_AUTORELEASING = YES;
				CLANG_WARN_BOOL_CONVERSION = YES;
				CLANG_WARN_COMMA = YES;
				CLANG_WARN_CONSTANT_CONVERSION = YES;
				CLANG_WARN_DEPRECATED_OBJC_IMPLEMENTATIONS = YES;
				CLANG_WARN_DIRECT_OBJC_ISA_USAGE = YES_ERROR;
				CLANG_WARN_DOCUMENTATION_COMMENTS = YES;
				CLANG_WARN_EMPTY_BODY = YES;
				CLANG_WARN_ENUM_CONVERSION = YES;
				CLANG_WARN_INFINITE_RECURSION = YES;
				CLANG_WARN_INT_CONVERSION = YES;
				CLANG_WARN_NON_LITERAL_NULL_CONVERSION = YES;
				CLANG_WARN_OBJC_IMPLICIT_RETAIN_SELF = YES;
				CLANG_WARN_OBJC_LITERAL_CONVERSION = YES;
				CLANG_WARN_OBJC_ROOT_CLASS = YES_ERROR;
				CLANG_WARN_RANGE_LOOP_ANALYSIS = YES;
				CLANG_WARN_STRICT_PROTOTYPES = YES;
				CLANG_WARN_SUSPICIOUS_MOVE = YES;
				CLANG_WARN_UNGUARDED_AVAILABILITY = YES_AGGRESSIVE;
				CLANG_WARN_UNREACHABLE_CODE = YES;
				CLANG_WARN__DUPLICATE_METHOD_MATCH = YES;
				COPY_PHASE_STRIP = NO;
				DEBUG_INFORMATION_FORMAT = "dwarf-with-dsym";
				ENABLE_NS_ASSERTIONS = NO;
				ENABLE_STRICT_OBJC_MSGSEND = YES;
				GCC_C_LANGUAGE_STANDARD = gnu11;
				GCC_NO_COMMON_BLOCKS = YES;
				GCC_WARN_64_TO_32_BIT_CONVERSION = YES;
				GCC_WARN_ABOUT_RETURN_TYPE = YES_ERROR;
				GCC_WARN_UNDECLARED_SELECTOR = YES;
				GCC_WARN_UNINITIALIZED_AUTOS = YES_AGGRESSIVE;
				GCC_WARN_UNUSED_FUNCTION = YES;
				GCC_WARN_UNUSED_VARIABLE = YES;
				IPHONEOS_DEPLOYMENT_TARGET = 13.6;
				MTL_ENABLE_DEBUG_INFO = NO;
				MTL_FAST_MATH = YES;
				SDKROOT = iphoneos;
				SWIFT_COMPILATION_MODE = wholemodule;
				SWIFT_OPTIMIZATION_LEVEL = "-O";
				VALIDATE_PRODUCT = YES;
			};
			name = Release;
		};
		830B5FDF24EF50990063CC94 /* Debug */ = {
			isa = XCBuildConfiguration;
			baseConfigurationReference = 61706C9C5DA2E16F525D5ECE /* Pods-Butterfly-CoreData.debug.xcconfig */;
			buildSettings = {
				ASSETCATALOG_COMPILER_APPICON_NAME = AppIcon;
				CODE_SIGN_STYLE = Automatic;
				INFOPLIST_FILE = "Butterfly-CoreData/Info.plist";
				IPHONEOS_DEPLOYMENT_TARGET = 10.0;
				LD_RUNPATH_SEARCH_PATHS = (
					"$(inherited)",
					"@executable_path/Frameworks",
				);
				PRODUCT_BUNDLE_IDENTIFIER = "au.org.butterfly.Butterfly-CoreData";
				PRODUCT_NAME = "$(TARGET_NAME)";
				SWIFT_VERSION = 5.0;
				TARGETED_DEVICE_FAMILY = "1,2";
			};
			name = Debug;
		};
		830B5FE024EF50990063CC94 /* Release */ = {
			isa = XCBuildConfiguration;
			baseConfigurationReference = 91AEF444543B81FCF4EC25C2 /* Pods-Butterfly-CoreData.release.xcconfig */;
			buildSettings = {
				ASSETCATALOG_COMPILER_APPICON_NAME = AppIcon;
				CODE_SIGN_STYLE = Automatic;
				INFOPLIST_FILE = "Butterfly-CoreData/Info.plist";
				IPHONEOS_DEPLOYMENT_TARGET = 10.0;
				LD_RUNPATH_SEARCH_PATHS = (
					"$(inherited)",
					"@executable_path/Frameworks",
				);
				PRODUCT_BUNDLE_IDENTIFIER = "au.org.butterfly.Butterfly-CoreData";
				PRODUCT_NAME = "$(TARGET_NAME)";
				SWIFT_VERSION = 5.0;
				TARGETED_DEVICE_FAMILY = "1,2";
			};
			name = Release;
		};
		830B5FE224EF50990063CC94 /* Debug */ = {
			isa = XCBuildConfiguration;
			baseConfigurationReference = C2B27EDD2E146303F60C794C /* Pods-Butterfly-CoreDataTests.debug.xcconfig */;
			buildSettings = {
				ALWAYS_EMBED_SWIFT_STANDARD_LIBRARIES = YES;
				BUNDLE_LOADER = "$(TEST_HOST)";
				CODE_SIGN_STYLE = Automatic;
				INFOPLIST_FILE = "Butterfly-CoreDataTests/Info.plist";
				IPHONEOS_DEPLOYMENT_TARGET = 13.6;
				LD_RUNPATH_SEARCH_PATHS = (
					"$(inherited)",
					"@executable_path/Frameworks",
					"@loader_path/Frameworks",
				);
				PRODUCT_BUNDLE_IDENTIFIER = "au.org.butterfly.Butterfly-CoreDataTests";
				PRODUCT_NAME = "$(TARGET_NAME)";
				SWIFT_VERSION = 5.0;
				TARGETED_DEVICE_FAMILY = "1,2";
				TEST_HOST = "$(BUILT_PRODUCTS_DIR)/Butterfly-CoreData.app/Butterfly-CoreData";
			};
			name = Debug;
		};
		830B5FE324EF50990063CC94 /* Release */ = {
			isa = XCBuildConfiguration;
			baseConfigurationReference = 1631C33262B531F30ACF2C74 /* Pods-Butterfly-CoreDataTests.release.xcconfig */;
			buildSettings = {
				ALWAYS_EMBED_SWIFT_STANDARD_LIBRARIES = YES;
				BUNDLE_LOADER = "$(TEST_HOST)";
				CODE_SIGN_STYLE = Automatic;
				INFOPLIST_FILE = "Butterfly-CoreDataTests/Info.plist";
				IPHONEOS_DEPLOYMENT_TARGET = 13.6;
				LD_RUNPATH_SEARCH_PATHS = (
					"$(inherited)",
					"@executable_path/Frameworks",
					"@loader_path/Frameworks",
				);
				PRODUCT_BUNDLE_IDENTIFIER = "au.org.butterfly.Butterfly-CoreDataTests";
				PRODUCT_NAME = "$(TARGET_NAME)";
				SWIFT_VERSION = 5.0;
				TARGETED_DEVICE_FAMILY = "1,2";
				TEST_HOST = "$(BUILT_PRODUCTS_DIR)/Butterfly-CoreData.app/Butterfly-CoreData";
			};
			name = Release;
		};
/* End XCBuildConfiguration section */

/* Begin XCConfigurationList section */
		830B5FB724EF50960063CC94 /* Build configuration list for PBXProject "Butterfly-CoreData" */ = {
			isa = XCConfigurationList;
			buildConfigurations = (
				830B5FDC24EF50990063CC94 /* Debug */,
				830B5FDD24EF50990063CC94 /* Release */,
			);
			defaultConfigurationIsVisible = 0;
			defaultConfigurationName = Release;
		};
		830B5FDE24EF50990063CC94 /* Build configuration list for PBXNativeTarget "Butterfly-CoreData" */ = {
			isa = XCConfigurationList;
			buildConfigurations = (
				830B5FDF24EF50990063CC94 /* Debug */,
				830B5FE024EF50990063CC94 /* Release */,
			);
			defaultConfigurationIsVisible = 0;
			defaultConfigurationName = Release;
		};
		830B5FE124EF50990063CC94 /* Build configuration list for PBXNativeTarget "Butterfly-CoreDataTests" */ = {
			isa = XCConfigurationList;
			buildConfigurations = (
				830B5FE224EF50990063CC94 /* Debug */,
				830B5FE324EF50990063CC94 /* Release */,
			);
			defaultConfigurationIsVisible = 0;
			defaultConfigurationName = Release;
		};
/* End XCConfigurationList section */

/* Begin XCVersionGroup section */
		830B5FC824EF50970063CC94 /* Butterfly_CoreData.xcdatamodeld */ = {
			isa = XCVersionGroup;
			children = (
				830B5FC924EF50970063CC94 /* Butterfly_CoreData.xcdatamodel */,
			);
			currentVersion = 830B5FC924EF50970063CC94 /* Butterfly_CoreData.xcdatamodel */;
			path = Butterfly_CoreData.xcdatamodeld;
			sourceTree = "<group>";
			versionGroupType = wrapper.xcdatamodel;
		};
/* End XCVersionGroup section */
	};
	rootObject = 830B5FB424EF50960063CC94 /* Project object */;
}
